
Microsoft Visual Studio Solution File, Format Version 12.00
# Visual Studio Version 16
VisualStudioVersion = 16.0.30011.22
MinimumVisualStudioVersion = 10.0.40219.1
Project("{FAE04EC0-301F-11D3-BF4B-00C04F79EFBC}") = "WindowsFormsDesign", "WindowsFormsDesign.csproj", "{87D9F1B6-F29A-43BA-A1CD-97ADB7E79FA0}"
EndProject
Project("{FAE04EC0-301F-11D3-BF4B-00C04F79EFBC}") = "MDIApplication", "..\MDIApplication\MDIApplication.csproj", "{17C8791B-77D8-4EEA-A21B-3BCFB3189F41}"
EndProject
Global
	GlobalSection(SolutionConfigurationPlatforms) = preSolution
		Debug|Any CPU = Debug|Any CPU
		Release|Any CPU = Release|Any CPU
	EndGlobalSection
	GlobalSection(ProjectConfigurationPlatforms) = postSolution
		{87D9F1B6-F29A-43BA-A1CD-97ADB7E79FA0}.Debug|Any CPU.ActiveCfg = Debug|Any CPU
		{87D9F1B6-F29A-43BA-A1CD-97ADB7E79FA0}.Debug|Any CPU.Build.0 = Debug|Any CPU
		{87D9F1B6-F29A-43BA-A1CD-97ADB7E79FA0}.Release|Any CPU.ActiveCfg = Release|Any CPU
		{87D9F1B6-F29A-43BA-A1CD-97ADB7E79FA0}.Release|Any CPU.Build.0 = Release|Any CPU
		{17C8791B-77D8-4EEA-A21B-3BCFB3189F41}.Debug|Any CPU.ActiveCfg = Debug|Any CPU
		{17C8791B-77D8-4EEA-A21B-3BCFB3189F41}.Debug|Any CPU.Build.0 = Debug|Any CPU
		{17C8791B-77D8-4EEA-A21B-3BCFB3189F41}.Release|Any CPU.ActiveCfg = Release|Any CPU
		{17C8791B-77D8-4EEA-A21B-3BCFB3189F41}.Release|Any CPU.Build.0 = Release|Any CPU
	EndGlobalSection
	GlobalSection(SolutionProperties) = preSolution
		HideSolutionNode = FALSE
	EndGlobalSection
	GlobalSection(ExtensibilityGlobals) = postSolution
		SolutionGuid = {F97E154E-308B-4217-B8A1-CE1BFA21ACAA}
	EndGlobalSection
EndGlobal
